// !$*UTF8*$!
{
	archiveVersion = 1;
	classes = {
	};
	objectVersion = 63;
	objects = {

/* Begin PBXBuildFile section */
		AB02C8FE2BF1256900A29E49 /* WelcomeView.swift in Sources */ = {isa = PBXBuildFile; fileRef = AB02C8FD2BF1256900A29E49 /* WelcomeView.swift */; };
		AB02C9002BF12A3000A29E49 /* AnimatedWelcomeCell.swift in Sources */ = {isa = PBXBuildFile; fileRef = AB02C8FF2BF12A3000A29E49 /* AnimatedWelcomeCell.swift */; };
		AB02C9052BF14BEC00A29E49 /* ValidationClient.swift in Sources */ = {isa = PBXBuildFile; fileRef = AB02C9042BF14BEC00A29E49 /* ValidationClient.swift */; };
		AB02C9072BF1565000A29E49 /* CreateAccountScreen.swift in Sources */ = {isa = PBXBuildFile; fileRef = AB02C9062BF1565000A29E49 /* CreateAccountScreen.swift */; };
		AB02C9092BF1592300A29E49 /* ConvenienceTextField.swift in Sources */ = {isa = PBXBuildFile; fileRef = AB02C9082BF1592300A29E49 /* ConvenienceTextField.swift */; };
		AB02C90D2BF16C9A00A29E49 /* AccountModel.swift in Sources */ = {isa = PBXBuildFile; fileRef = AB02C90C2BF16C9A00A29E49 /* AccountModel.swift */; };
		AB29D24F2BA4284100489A34 /* HandledEnvironment.swift in Sources */ = {isa = PBXBuildFile; fileRef = AB29D24E2BA4284100489A34 /* HandledEnvironment.swift */; };
		AB29D2532BA42C7200489A34 /* ApplicationState.swift in Sources */ = {isa = PBXBuildFile; fileRef = AB29D2522BA42C7200489A34 /* ApplicationState.swift */; };
		AB4E09F72BA3897E0041171C /* User.swift in Sources */ = {isa = PBXBuildFile; fileRef = AB4E09F62BA3897E0041171C /* User.swift */; };
		AB4E09FC2BA38A120041171C /* AppViewModel.swift in Sources */ = {isa = PBXBuildFile; fileRef = AB4E09FB2BA38A120041171C /* AppViewModel.swift */; };
		AB4E09FE2BA38B310041171C /* Product.swift in Sources */ = {isa = PBXBuildFile; fileRef = AB4E09FD2BA38B310041171C /* Product.swift */; };
		AB4E0A012BA38D170041171C /* AuthenticationClient.swift in Sources */ = {isa = PBXBuildFile; fileRef = AB4E0A002BA38D170041171C /* AuthenticationClient.swift */; };
		AB4E0A042BA38D810041171C /* FirebaseAuthenticationClient.swift in Sources */ = {isa = PBXBuildFile; fileRef = AB4E0A032BA38D810041171C /* FirebaseAuthenticationClient.swift */; };
		AB4E0A062BA38DAA0041171C /* MockAuthenticationClient.swift in Sources */ = {isa = PBXBuildFile; fileRef = AB4E0A052BA38DAA0041171C /* MockAuthenticationClient.swift */; };
		AB4E0A092BA391F00041171C /* DependencyInjectionContainer.swift in Sources */ = {isa = PBXBuildFile; fileRef = AB4E0A082BA391F00041171C /* DependencyInjectionContainer.swift */; };
		AB4E0A0C2BA394070041171C /* DatastoreClient.swift in Sources */ = {isa = PBXBuildFile; fileRef = AB4E0A0B2BA394070041171C /* DatastoreClient.swift */; };
		AB4E0A0E2BA394580041171C /* MockDatastoreClient.swift in Sources */ = {isa = PBXBuildFile; fileRef = AB4E0A0D2BA394580041171C /* MockDatastoreClient.swift */; };
		AB4E0A102BA3945E0041171C /* FirebaseDatastoreClient.swift in Sources */ = {isa = PBXBuildFile; fileRef = AB4E0A0F2BA3945E0041171C /* FirebaseDatastoreClient.swift */; };
		AB833E852BFB8372005E5DA6 /* Localizable.xcstrings in Resources */ = {isa = PBXBuildFile; fileRef = AB833E842BFB8372005E5DA6 /* Localizable.xcstrings */; };
		AB84014B2BEFFD53003AEAF7 /* UserBasket.swift in Sources */ = {isa = PBXBuildFile; fileRef = AB84014A2BEFFD53003AEAF7 /* UserBasket.swift */; };
		AB84014D2BEFFD6E003AEAF7 /* UserPermissionLevel.swift in Sources */ = {isa = PBXBuildFile; fileRef = AB84014C2BEFFD6E003AEAF7 /* UserPermissionLevel.swift */; };
		AB84014F2BEFFD85003AEAF7 /* UserFamily.swift in Sources */ = {isa = PBXBuildFile; fileRef = AB84014E2BEFFD85003AEAF7 /* UserFamily.swift */; };
		AB8401532BEFFE22003AEAF7 /* ProductCategory.swift in Sources */ = {isa = PBXBuildFile; fileRef = AB8401522BEFFE22003AEAF7 /* ProductCategory.swift */; };
		AB8401552BF0007C003AEAF7 /* PriceUnit.swift in Sources */ = {isa = PBXBuildFile; fileRef = AB8401542BF0007C003AEAF7 /* PriceUnit.swift */; };
		AB8401572BF002A2003AEAF7 /* HomeScreen.swift in Sources */ = {isa = PBXBuildFile; fileRef = AB8401562BF002A2003AEAF7 /* HomeScreen.swift */; };
		AB8401592BF00520003AEAF7 /* ScanScreen.swift in Sources */ = {isa = PBXBuildFile; fileRef = AB8401582BF00520003AEAF7 /* ScanScreen.swift */; };
		AB84015B2BF00537003AEAF7 /* BasketScreen.swift in Sources */ = {isa = PBXBuildFile; fileRef = AB84015A2BF00537003AEAF7 /* BasketScreen.swift */; };
		AB84015D2BF00555003AEAF7 /* ProfileScreen.swift in Sources */ = {isa = PBXBuildFile; fileRef = AB84015C2BF00555003AEAF7 /* ProfileScreen.swift */; };
		AB8401602BF00A12003AEAF7 /* Business.swift in Sources */ = {isa = PBXBuildFile; fileRef = AB84015F2BF00A12003AEAF7 /* Business.swift */; };
		AB8401632BF00C39003AEAF7 /* ShapeStyle+AccentColor.swift in Sources */ = {isa = PBXBuildFile; fileRef = AB8401622BF00C39003AEAF7 /* ShapeStyle+AccentColor.swift */; };
		AB8401682BF01866003AEAF7 /* ImageLoader.swift in Sources */ = {isa = PBXBuildFile; fileRef = AB8401672BF01866003AEAF7 /* ImageLoader.swift */; };
		AB84016D2BF0250D003AEAF7 /* TeaserCell.swift in Sources */ = {isa = PBXBuildFile; fileRef = AB84016C2BF0250D003AEAF7 /* TeaserCell.swift */; };
		AB84016F2BF02FFD003AEAF7 /* AccountSettingsView.swift in Sources */ = {isa = PBXBuildFile; fileRef = AB84016E2BF02FFD003AEAF7 /* AccountSettingsView.swift */; };
		ABD55BAE2BF6881600FCEC4D /* BulkBuddy.docc in Sources */ = {isa = PBXBuildFile; fileRef = ABD55BAD2BF6881600FCEC4D /* BulkBuddy.docc */; };
		ABD55BB22BF6939100FCEC4D /* SwiftfulUI in Frameworks */ = {isa = PBXBuildFile; productRef = ABD55BB12BF6939100FCEC4D /* SwiftfulUI */; };
		ABD55BB52BF693AD00FCEC4D /* SwiftfulRouting in Frameworks */ = {isa = PBXBuildFile; productRef = ABD55BB42BF693AD00FCEC4D /* SwiftfulRouting */; };
		ABD55BB82BF693BE00FCEC4D /* SDWebImageSwiftUI in Frameworks */ = {isa = PBXBuildFile; productRef = ABD55BB72BF693BE00FCEC4D /* SDWebImageSwiftUI */; };
		ABD55BBB2BF6941800FCEC4D /* FirebaseAuth in Frameworks */ = {isa = PBXBuildFile; productRef = ABD55BBA2BF6941800FCEC4D /* FirebaseAuth */; };
		ABD55BBD2BF6941800FCEC4D /* FirebaseFirestore in Frameworks */ = {isa = PBXBuildFile; productRef = ABD55BBC2BF6941800FCEC4D /* FirebaseFirestore */; };
		ABD55BBF2BF6941800FCEC4D /* FirebaseFirestoreSwift in Frameworks */ = {isa = PBXBuildFile; productRef = ABD55BBE2BF6941800FCEC4D /* FirebaseFirestoreSwift */; };
		ABD55BC12BF6A73100FCEC4D /* FirestoreData.swift in Sources */ = {isa = PBXBuildFile; fileRef = ABD55BC02BF6A73100FCEC4D /* FirestoreData.swift */; };
		ABD55BC42BF6A7DF00FCEC4D /* FirestoreError.swift in Sources */ = {isa = PBXBuildFile; fileRef = ABD55BC32BF6A7DF00FCEC4D /* FirestoreError.swift */; };
		ABFF57152BA37E500073DA45 /* BulkBuddyApp.swift in Sources */ = {isa = PBXBuildFile; fileRef = ABFF57142BA37E500073DA45 /* BulkBuddyApp.swift */; };
		ABFF57172BA37E500073DA45 /* ContentView.swift in Sources */ = {isa = PBXBuildFile; fileRef = ABFF57162BA37E500073DA45 /* ContentView.swift */; };
		ABFF57192BA37E530073DA45 /* Assets.xcassets in Resources */ = {isa = PBXBuildFile; fileRef = ABFF57182BA37E530073DA45 /* Assets.xcassets */; };
		ABFF571D2BA37E530073DA45 /* Preview Assets.xcassets in Resources */ = {isa = PBXBuildFile; fileRef = ABFF571C2BA37E530073DA45 /* Preview Assets.xcassets */; };
		ABFF57272BA37E530073DA45 /* BulkBuddyTests.swift in Sources */ = {isa = PBXBuildFile; fileRef = ABFF57262BA37E530073DA45 /* BulkBuddyTests.swift */; };
		ABFF57312BA37E530073DA45 /* BulkBuddyUITests.swift in Sources */ = {isa = PBXBuildFile; fileRef = ABFF57302BA37E530073DA45 /* BulkBuddyUITests.swift */; };
		ABFF57332BA37E530073DA45 /* BulkBuddyUITestsLaunchTests.swift in Sources */ = {isa = PBXBuildFile; fileRef = ABFF57322BA37E530073DA45 /* BulkBuddyUITestsLaunchTests.swift */; };
		ABFF574C2BA385780073DA45 /* GoogleService-Info.plist in Resources */ = {isa = PBXBuildFile; fileRef = ABFF574B2BA385780073DA45 /* GoogleService-Info.plist */; };
/* End PBXBuildFile section */

/* Begin PBXContainerItemProxy section */
		ABFF57232BA37E530073DA45 /* PBXContainerItemProxy */ = {
			isa = PBXContainerItemProxy;
			containerPortal = ABFF57092BA37E500073DA45 /* Project object */;
			proxyType = 1;
			remoteGlobalIDString = ABFF57102BA37E500073DA45;
			remoteInfo = BulkBuddy;
		};
		ABFF572D2BA37E530073DA45 /* PBXContainerItemProxy */ = {
			isa = PBXContainerItemProxy;
			containerPortal = ABFF57092BA37E500073DA45 /* Project object */;
			proxyType = 1;
			remoteGlobalIDString = ABFF57102BA37E500073DA45;
			remoteInfo = BulkBuddy;
		};
/* End PBXContainerItemProxy section */

/* Begin PBXFileReference section */
		AB02C8FD2BF1256900A29E49 /* WelcomeView.swift */ = {isa = PBXFileReference; lastKnownFileType = sourcecode.swift; path = WelcomeView.swift; sourceTree = "<group>"; };
		AB02C8FF2BF12A3000A29E49 /* AnimatedWelcomeCell.swift */ = {isa = PBXFileReference; lastKnownFileType = sourcecode.swift; path = AnimatedWelcomeCell.swift; sourceTree = "<group>"; };
		AB02C9042BF14BEC00A29E49 /* ValidationClient.swift */ = {isa = PBXFileReference; lastKnownFileType = sourcecode.swift; path = ValidationClient.swift; sourceTree = "<group>"; };
		AB02C9062BF1565000A29E49 /* CreateAccountScreen.swift */ = {isa = PBXFileReference; lastKnownFileType = sourcecode.swift; path = CreateAccountScreen.swift; sourceTree = "<group>"; };
		AB02C9082BF1592300A29E49 /* ConvenienceTextField.swift */ = {isa = PBXFileReference; lastKnownFileType = sourcecode.swift; path = ConvenienceTextField.swift; sourceTree = "<group>"; };
		AB02C90C2BF16C9A00A29E49 /* AccountModel.swift */ = {isa = PBXFileReference; lastKnownFileType = sourcecode.swift; path = AccountModel.swift; sourceTree = "<group>"; };
		AB29D24E2BA4284100489A34 /* HandledEnvironment.swift */ = {isa = PBXFileReference; lastKnownFileType = sourcecode.swift; path = HandledEnvironment.swift; sourceTree = "<group>"; };
		AB29D2522BA42C7200489A34 /* ApplicationState.swift */ = {isa = PBXFileReference; lastKnownFileType = sourcecode.swift; path = ApplicationState.swift; sourceTree = "<group>"; };
		AB4E09F62BA3897E0041171C /* User.swift */ = {isa = PBXFileReference; lastKnownFileType = sourcecode.swift; path = User.swift; sourceTree = "<group>"; };
		AB4E09FB2BA38A120041171C /* AppViewModel.swift */ = {isa = PBXFileReference; lastKnownFileType = sourcecode.swift; path = AppViewModel.swift; sourceTree = "<group>"; };
		AB4E09FD2BA38B310041171C /* Product.swift */ = {isa = PBXFileReference; lastKnownFileType = sourcecode.swift; path = Product.swift; sourceTree = "<group>"; };
		AB4E0A002BA38D170041171C /* AuthenticationClient.swift */ = {isa = PBXFileReference; lastKnownFileType = sourcecode.swift; path = AuthenticationClient.swift; sourceTree = "<group>"; };
		AB4E0A032BA38D810041171C /* FirebaseAuthenticationClient.swift */ = {isa = PBXFileReference; lastKnownFileType = sourcecode.swift; path = FirebaseAuthenticationClient.swift; sourceTree = "<group>"; };
		AB4E0A052BA38DAA0041171C /* MockAuthenticationClient.swift */ = {isa = PBXFileReference; lastKnownFileType = sourcecode.swift; path = MockAuthenticationClient.swift; sourceTree = "<group>"; };
		AB4E0A082BA391F00041171C /* DependencyInjectionContainer.swift */ = {isa = PBXFileReference; lastKnownFileType = sourcecode.swift; path = DependencyInjectionContainer.swift; sourceTree = "<group>"; };
		AB4E0A0B2BA394070041171C /* DatastoreClient.swift */ = {isa = PBXFileReference; lastKnownFileType = sourcecode.swift; path = DatastoreClient.swift; sourceTree = "<group>"; };
		AB4E0A0D2BA394580041171C /* MockDatastoreClient.swift */ = {isa = PBXFileReference; lastKnownFileType = sourcecode.swift; path = MockDatastoreClient.swift; sourceTree = "<group>"; };
		AB4E0A0F2BA3945E0041171C /* FirebaseDatastoreClient.swift */ = {isa = PBXFileReference; lastKnownFileType = sourcecode.swift; path = FirebaseDatastoreClient.swift; sourceTree = "<group>"; };
		AB833E842BFB8372005E5DA6 /* Localizable.xcstrings */ = {isa = PBXFileReference; lastKnownFileType = text.json.xcstrings; path = Localizable.xcstrings; sourceTree = "<group>"; };
		AB84014A2BEFFD53003AEAF7 /* UserBasket.swift */ = {isa = PBXFileReference; lastKnownFileType = sourcecode.swift; path = UserBasket.swift; sourceTree = "<group>"; };
		AB84014C2BEFFD6E003AEAF7 /* UserPermissionLevel.swift */ = {isa = PBXFileReference; lastKnownFileType = sourcecode.swift; path = UserPermissionLevel.swift; sourceTree = "<group>"; };
		AB84014E2BEFFD85003AEAF7 /* UserFamily.swift */ = {isa = PBXFileReference; lastKnownFileType = sourcecode.swift; path = UserFamily.swift; sourceTree = "<group>"; };
		AB8401522BEFFE22003AEAF7 /* ProductCategory.swift */ = {isa = PBXFileReference; lastKnownFileType = sourcecode.swift; path = ProductCategory.swift; sourceTree = "<group>"; };
		AB8401542BF0007C003AEAF7 /* PriceUnit.swift */ = {isa = PBXFileReference; lastKnownFileType = sourcecode.swift; path = PriceUnit.swift; sourceTree = "<group>"; };
		AB8401562BF002A2003AEAF7 /* HomeScreen.swift */ = {isa = PBXFileReference; lastKnownFileType = sourcecode.swift; path = HomeScreen.swift; sourceTree = "<group>"; };
		AB8401582BF00520003AEAF7 /* ScanScreen.swift */ = {isa = PBXFileReference; lastKnownFileType = sourcecode.swift; path = ScanScreen.swift; sourceTree = "<group>"; };
		AB84015A2BF00537003AEAF7 /* BasketScreen.swift */ = {isa = PBXFileReference; lastKnownFileType = sourcecode.swift; path = BasketScreen.swift; sourceTree = "<group>"; };
		AB84015C2BF00555003AEAF7 /* ProfileScreen.swift */ = {isa = PBXFileReference; lastKnownFileType = sourcecode.swift; path = ProfileScreen.swift; sourceTree = "<group>"; };
		AB84015F2BF00A12003AEAF7 /* Business.swift */ = {isa = PBXFileReference; lastKnownFileType = sourcecode.swift; path = Business.swift; sourceTree = "<group>"; };
		AB8401622BF00C39003AEAF7 /* ShapeStyle+AccentColor.swift */ = {isa = PBXFileReference; lastKnownFileType = sourcecode.swift; path = "ShapeStyle+AccentColor.swift"; sourceTree = "<group>"; };
		AB8401672BF01866003AEAF7 /* ImageLoader.swift */ = {isa = PBXFileReference; lastKnownFileType = sourcecode.swift; path = ImageLoader.swift; sourceTree = "<group>"; };
		AB84016C2BF0250D003AEAF7 /* TeaserCell.swift */ = {isa = PBXFileReference; lastKnownFileType = sourcecode.swift; path = TeaserCell.swift; sourceTree = "<group>"; };
		AB84016E2BF02FFD003AEAF7 /* AccountSettingsView.swift */ = {isa = PBXFileReference; lastKnownFileType = sourcecode.swift; path = AccountSettingsView.swift; sourceTree = "<group>"; };
		ABD55BAD2BF6881600FCEC4D /* BulkBuddy.docc */ = {isa = PBXFileReference; lastKnownFileType = folder.documentationcatalog; path = BulkBuddy.docc; sourceTree = "<group>"; };
		ABD55BC02BF6A73100FCEC4D /* FirestoreData.swift */ = {isa = PBXFileReference; lastKnownFileType = sourcecode.swift; path = FirestoreData.swift; sourceTree = "<group>"; };
		ABD55BC32BF6A7DF00FCEC4D /* FirestoreError.swift */ = {isa = PBXFileReference; lastKnownFileType = sourcecode.swift; path = FirestoreError.swift; sourceTree = "<group>"; };
		ABFF57112BA37E500073DA45 /* BulkBuddy.app */ = {isa = PBXFileReference; explicitFileType = wrapper.application; includeInIndex = 0; path = BulkBuddy.app; sourceTree = BUILT_PRODUCTS_DIR; };
		ABFF57142BA37E500073DA45 /* BulkBuddyApp.swift */ = {isa = PBXFileReference; lastKnownFileType = sourcecode.swift; path = BulkBuddyApp.swift; sourceTree = "<group>"; };
		ABFF57162BA37E500073DA45 /* ContentView.swift */ = {isa = PBXFileReference; lastKnownFileType = sourcecode.swift; path = ContentView.swift; sourceTree = "<group>"; };
		ABFF57182BA37E530073DA45 /* Assets.xcassets */ = {isa = PBXFileReference; lastKnownFileType = folder.assetcatalog; path = Assets.xcassets; sourceTree = "<group>"; };
		ABFF571A2BA37E530073DA45 /* BulkBuddy.entitlements */ = {isa = PBXFileReference; lastKnownFileType = text.plist.entitlements; path = BulkBuddy.entitlements; sourceTree = "<group>"; };
		ABFF571C2BA37E530073DA45 /* Preview Assets.xcassets */ = {isa = PBXFileReference; lastKnownFileType = folder.assetcatalog; path = "Preview Assets.xcassets"; sourceTree = "<group>"; };
		ABFF57222BA37E530073DA45 /* BulkBuddyTests.xctest */ = {isa = PBXFileReference; explicitFileType = wrapper.cfbundle; includeInIndex = 0; path = BulkBuddyTests.xctest; sourceTree = BUILT_PRODUCTS_DIR; };
		ABFF57262BA37E530073DA45 /* BulkBuddyTests.swift */ = {isa = PBXFileReference; lastKnownFileType = sourcecode.swift; path = BulkBuddyTests.swift; sourceTree = "<group>"; };
		ABFF572C2BA37E530073DA45 /* BulkBuddyUITests.xctest */ = {isa = PBXFileReference; explicitFileType = wrapper.cfbundle; includeInIndex = 0; path = BulkBuddyUITests.xctest; sourceTree = BUILT_PRODUCTS_DIR; };
		ABFF57302BA37E530073DA45 /* BulkBuddyUITests.swift */ = {isa = PBXFileReference; lastKnownFileType = sourcecode.swift; path = BulkBuddyUITests.swift; sourceTree = "<group>"; };
		ABFF57322BA37E530073DA45 /* BulkBuddyUITestsLaunchTests.swift */ = {isa = PBXFileReference; lastKnownFileType = sourcecode.swift; path = BulkBuddyUITestsLaunchTests.swift; sourceTree = "<group>"; };
		ABFF573F2BA37EFD0073DA45 /* Info.plist */ = {isa = PBXFileReference; lastKnownFileType = text.plist; path = Info.plist; sourceTree = "<group>"; };
		ABFF574B2BA385780073DA45 /* GoogleService-Info.plist */ = {isa = PBXFileReference; fileEncoding = 4; lastKnownFileType = text.plist.xml; path = "GoogleService-Info.plist"; sourceTree = "<group>"; };
/* End PBXFileReference section */

/* Begin PBXFrameworksBuildPhase section */
		ABFF570E2BA37E500073DA45 /* Frameworks */ = {
			isa = PBXFrameworksBuildPhase;
			buildActionMask = 2147483647;
			files = (
				ABD55BB82BF693BE00FCEC4D /* SDWebImageSwiftUI in Frameworks */,
				ABD55BB22BF6939100FCEC4D /* SwiftfulUI in Frameworks */,
				ABD55BB52BF693AD00FCEC4D /* SwiftfulRouting in Frameworks */,
				ABD55BBD2BF6941800FCEC4D /* FirebaseFirestore in Frameworks */,
				ABD55BBB2BF6941800FCEC4D /* FirebaseAuth in Frameworks */,
				ABD55BBF2BF6941800FCEC4D /* FirebaseFirestoreSwift in Frameworks */,
			);
			runOnlyForDeploymentPostprocessing = 0;
		};
		ABFF571F2BA37E530073DA45 /* Frameworks */ = {
			isa = PBXFrameworksBuildPhase;
			buildActionMask = 2147483647;
			files = (
			);
			runOnlyForDeploymentPostprocessing = 0;
		};
		ABFF57292BA37E530073DA45 /* Frameworks */ = {
			isa = PBXFrameworksBuildPhase;
			buildActionMask = 2147483647;
			files = (
			);
			runOnlyForDeploymentPostprocessing = 0;
		};
/* End PBXFrameworksBuildPhase section */

/* Begin PBXGroup section */
		AB02C9032BF14BD700A29E49 /* Internal */ = {
			isa = PBXGroup;
			children = (
				AB02C9042BF14BEC00A29E49 /* ValidationClient.swift */,
			);
			path = Internal;
			sourceTree = "<group>";
		};
		AB02C90B2BF16C9000A29E49 /* Internal */ = {
			isa = PBXGroup;
			children = (
				AB02C90C2BF16C9A00A29E49 /* AccountModel.swift */,
			);
			path = Internal;
			sourceTree = "<group>";
		};
		AB29D2502BA42C5300489A34 /* Environment */ = {
			isa = PBXGroup;
			children = (
				AB29D2522BA42C7200489A34 /* ApplicationState.swift */,
				AB29D24E2BA4284100489A34 /* HandledEnvironment.swift */,
			);
			path = Environment;
			sourceTree = "<group>";
		};
		AB4E09F82BA3897F0041171C /* Data */ = {
			isa = PBXGroup;
			children = (
				ABD55BC02BF6A73100FCEC4D /* FirestoreData.swift */,
				AB02C90B2BF16C9000A29E49 /* Internal */,
				AB84015E2BF009F4003AEAF7 /* Business */,
				AB8401502BEFFDB0003AEAF7 /* User */,
				AB8401512BEFFDB7003AEAF7 /* Product */,
			);
			path = Data;
			sourceTree = "<group>";
		};
		AB4E09F92BA389820041171C /* View */ = {
			isa = PBXGroup;
			children = (
				AB4E09FB2BA38A120041171C /* AppViewModel.swift */,
			);
			path = View;
			sourceTree = "<group>";
		};
		AB4E09FF2BA38CED0041171C /* Firebase */ = {
			isa = PBXGroup;
			children = (
				AB4E0A022BA38D730041171C /* Authentication */,
				AB4E0A0A2BA393FB0041171C /* Datastore */,
			);
			path = Firebase;
			sourceTree = "<group>";
		};
		AB4E0A022BA38D730041171C /* Authentication */ = {
			isa = PBXGroup;
			children = (
				AB4E0A002BA38D170041171C /* AuthenticationClient.swift */,
				AB4E0A032BA38D810041171C /* FirebaseAuthenticationClient.swift */,
				AB4E0A052BA38DAA0041171C /* MockAuthenticationClient.swift */,
			);
			path = Authentication;
			sourceTree = "<group>";
		};
		AB4E0A072BA391E30041171C /* DependencyInjection */ = {
			isa = PBXGroup;
			children = (
				AB4E0A082BA391F00041171C /* DependencyInjectionContainer.swift */,
			);
			path = DependencyInjection;
			sourceTree = "<group>";
		};
		AB4E0A0A2BA393FB0041171C /* Datastore */ = {
			isa = PBXGroup;
			children = (
				AB4E0A0B2BA394070041171C /* DatastoreClient.swift */,
				AB4E0A0F2BA3945E0041171C /* FirebaseDatastoreClient.swift */,
				AB4E0A0D2BA394580041171C /* MockDatastoreClient.swift */,
			);
			path = Datastore;
			sourceTree = "<group>";
		};
		AB8401422BEFF771003AEAF7 /* Core */ = {
			isa = PBXGroup;
			children = (
				AB8401562BF002A2003AEAF7 /* HomeScreen.swift */,
				AB8401582BF00520003AEAF7 /* ScanScreen.swift */,
				AB84015A2BF00537003AEAF7 /* BasketScreen.swift */,
				AB84015C2BF00555003AEAF7 /* ProfileScreen.swift */,
				AB84016E2BF02FFD003AEAF7 /* AccountSettingsView.swift */,
				AB02C8FD2BF1256900A29E49 /* WelcomeView.swift */,
				AB02C9062BF1565000A29E49 /* CreateAccountScreen.swift */,
			);
			path = Core;
			sourceTree = "<group>";
		};
		AB8401432BEFF775003AEAF7 /* Components */ = {
			isa = PBXGroup;
			children = (
				AB8401672BF01866003AEAF7 /* ImageLoader.swift */,
				AB84016C2BF0250D003AEAF7 /* TeaserCell.swift */,
				AB02C8FF2BF12A3000A29E49 /* AnimatedWelcomeCell.swift */,
				AB02C9082BF1592300A29E49 /* ConvenienceTextField.swift */,
			);
			path = Components;
			sourceTree = "<group>";
		};
		AB8401502BEFFDB0003AEAF7 /* User */ = {
			isa = PBXGroup;
			children = (
				AB4E09F62BA3897E0041171C /* User.swift */,
				AB84014E2BEFFD85003AEAF7 /* UserFamily.swift */,
				AB84014A2BEFFD53003AEAF7 /* UserBasket.swift */,
				AB84014C2BEFFD6E003AEAF7 /* UserPermissionLevel.swift */,
			);
			path = User;
			sourceTree = "<group>";
		};
		AB8401512BEFFDB7003AEAF7 /* Product */ = {
			isa = PBXGroup;
			children = (
				AB4E09FD2BA38B310041171C /* Product.swift */,
				AB8401522BEFFE22003AEAF7 /* ProductCategory.swift */,
				AB8401542BF0007C003AEAF7 /* PriceUnit.swift */,
			);
			path = Product;
			sourceTree = "<group>";
		};
		AB84015E2BF009F4003AEAF7 /* Business */ = {
			isa = PBXGroup;
			children = (
				AB84015F2BF00A12003AEAF7 /* Business.swift */,
			);
			path = Business;
			sourceTree = "<group>";
		};
		AB8401612BF00C25003AEAF7 /* ConvinienceExtensions */ = {
			isa = PBXGroup;
			children = (
				AB8401622BF00C39003AEAF7 /* ShapeStyle+AccentColor.swift */,
			);
			path = ConvinienceExtensions;
			sourceTree = "<group>";
		};
		ABD55BB02BF6939100FCEC4D /* Frameworks */ = {
			isa = PBXGroup;
			children = (
			);
			name = Frameworks;
			sourceTree = "<group>";
		};
		ABD55BC22BF6A7D600FCEC4D /* Errors */ = {
			isa = PBXGroup;
			children = (
				ABD55BC32BF6A7DF00FCEC4D /* FirestoreError.swift */,
			);
			path = Errors;
			sourceTree = "<group>";
		};
		ABFF57082BA37E500073DA45 = {
			isa = PBXGroup;
			children = (
				ABFF57132BA37E500073DA45 /* BulkBuddy */,
				ABFF57252BA37E530073DA45 /* BulkBuddyTests */,
				ABFF572F2BA37E530073DA45 /* BulkBuddyUITests */,
				ABFF57122BA37E500073DA45 /* Products */,
				ABD55BB02BF6939100FCEC4D /* Frameworks */,
			);
			sourceTree = "<group>";
		};
		ABFF57122BA37E500073DA45 /* Products */ = {
			isa = PBXGroup;
			children = (
				ABFF57112BA37E500073DA45 /* BulkBuddy.app */,
				ABFF57222BA37E530073DA45 /* BulkBuddyTests.xctest */,
				ABFF572C2BA37E530073DA45 /* BulkBuddyUITests.xctest */,
			);
			name = Products;
			sourceTree = "<group>";
		};
		ABFF57132BA37E500073DA45 /* BulkBuddy */ = {
			isa = PBXGroup;
			children = (
				ABD55BAD2BF6881600FCEC4D /* BulkBuddy.docc */,
				ABFF573F2BA37EFD0073DA45 /* Info.plist */,
				ABFF574B2BA385780073DA45 /* GoogleService-Info.plist */,
				ABFF57142BA37E500073DA45 /* BulkBuddyApp.swift */,
				ABFF57162BA37E500073DA45 /* ContentView.swift */,
				AB8401422BEFF771003AEAF7 /* Core */,
				AB8401432BEFF775003AEAF7 /* Components */,
				ABFF57522BA388410073DA45 /* Clients */,
				ABFF57512BA3883C0073DA45 /* Models */,
				ABFF574E2BA388220073DA45 /* Support */,
				ABFF574D2BA387E50073DA45 /* Resources */,
				ABFF571A2BA37E530073DA45 /* BulkBuddy.entitlements */,
				ABFF571B2BA37E530073DA45 /* Preview Content */,
				AB833E842BFB8372005E5DA6 /* Localizable.xcstrings */,
			);
			path = BulkBuddy;
			sourceTree = "<group>";
		};
		ABFF571B2BA37E530073DA45 /* Preview Content */ = {
			isa = PBXGroup;
			children = (
				ABFF571C2BA37E530073DA45 /* Preview Assets.xcassets */,
			);
			path = "Preview Content";
			sourceTree = "<group>";
		};
		ABFF57252BA37E530073DA45 /* BulkBuddyTests */ = {
			isa = PBXGroup;
			children = (
				ABFF57262BA37E530073DA45 /* BulkBuddyTests.swift */,
			);
			path = BulkBuddyTests;
			sourceTree = "<group>";
		};
		ABFF572F2BA37E530073DA45 /* BulkBuddyUITests */ = {
			isa = PBXGroup;
			children = (
				ABFF57302BA37E530073DA45 /* BulkBuddyUITests.swift */,
				ABFF57322BA37E530073DA45 /* BulkBuddyUITestsLaunchTests.swift */,
			);
			path = BulkBuddyUITests;
			sourceTree = "<group>";
		};
		ABFF574D2BA387E50073DA45 /* Resources */ = {
			isa = PBXGroup;
			children = (
				ABFF57182BA37E530073DA45 /* Assets.xcassets */,
			);
			path = Resources;
			sourceTree = "<group>";
		};
		ABFF574E2BA388220073DA45 /* Support */ = {
			isa = PBXGroup;
			children = (
				AB29D2502BA42C5300489A34 /* Environment */,
				AB4E0A072BA391E30041171C /* DependencyInjection */,
				AB8401612BF00C25003AEAF7 /* ConvinienceExtensions */,
			);
			path = Support;
			sourceTree = "<group>";
		};
		ABFF57512BA3883C0073DA45 /* Models */ = {
			isa = PBXGroup;
			children = (
				AB4E09F92BA389820041171C /* View */,
				AB4E09F82BA3897F0041171C /* Data */,
				ABD55BC22BF6A7D600FCEC4D /* Errors */,
			);
			path = Models;
			sourceTree = "<group>";
		};
		ABFF57522BA388410073DA45 /* Clients */ = {
			isa = PBXGroup;
			children = (
				AB02C9032BF14BD700A29E49 /* Internal */,
				AB4E09FF2BA38CED0041171C /* Firebase */,
			);
			path = Clients;
			sourceTree = "<group>";
		};
/* End PBXGroup section */

/* Begin PBXNativeTarget section */
		ABFF57102BA37E500073DA45 /* BulkBuddy */ = {
			isa = PBXNativeTarget;
			buildConfigurationList = ABFF57362BA37E530073DA45 /* Build configuration list for PBXNativeTarget "BulkBuddy" */;
			buildPhases = (
				ABFF570D2BA37E500073DA45 /* Sources */,
				ABFF570E2BA37E500073DA45 /* Frameworks */,
				ABFF570F2BA37E500073DA45 /* Resources */,
			);
			buildRules = (
			);
			dependencies = (
			);
			name = BulkBuddy;
			packageProductDependencies = (
				ABD55BB12BF6939100FCEC4D /* SwiftfulUI */,
				ABD55BB42BF693AD00FCEC4D /* SwiftfulRouting */,
				ABD55BB72BF693BE00FCEC4D /* SDWebImageSwiftUI */,
				ABD55BBA2BF6941800FCEC4D /* FirebaseAuth */,
				ABD55BBC2BF6941800FCEC4D /* FirebaseFirestore */,
				ABD55BBE2BF6941800FCEC4D /* FirebaseFirestoreSwift */,
			);
			productName = BulkBuddy;
			productReference = ABFF57112BA37E500073DA45 /* BulkBuddy.app */;
			productType = "com.apple.product-type.application";
		};
		ABFF57212BA37E530073DA45 /* BulkBuddyTests */ = {
			isa = PBXNativeTarget;
			buildConfigurationList = ABFF57392BA37E530073DA45 /* Build configuration list for PBXNativeTarget "BulkBuddyTests" */;
			buildPhases = (
				ABFF571E2BA37E530073DA45 /* Sources */,
				ABFF571F2BA37E530073DA45 /* Frameworks */,
				ABFF57202BA37E530073DA45 /* Resources */,
			);
			buildRules = (
			);
			dependencies = (
				ABFF57242BA37E530073DA45 /* PBXTargetDependency */,
			);
			name = BulkBuddyTests;
			productName = BulkBuddyTests;
			productReference = ABFF57222BA37E530073DA45 /* BulkBuddyTests.xctest */;
			productType = "com.apple.product-type.bundle.unit-test";
		};
		ABFF572B2BA37E530073DA45 /* BulkBuddyUITests */ = {
			isa = PBXNativeTarget;
			buildConfigurationList = ABFF573C2BA37E530073DA45 /* Build configuration list for PBXNativeTarget "BulkBuddyUITests" */;
			buildPhases = (
				ABFF57282BA37E530073DA45 /* Sources */,
				ABFF57292BA37E530073DA45 /* Frameworks */,
				ABFF572A2BA37E530073DA45 /* Resources */,
			);
			buildRules = (
			);
			dependencies = (
				ABFF572E2BA37E530073DA45 /* PBXTargetDependency */,
			);
			name = BulkBuddyUITests;
			productName = BulkBuddyUITests;
			productReference = ABFF572C2BA37E530073DA45 /* BulkBuddyUITests.xctest */;
			productType = "com.apple.product-type.bundle.ui-testing";
		};
/* End PBXNativeTarget section */

/* Begin PBXProject section */
		ABFF57092BA37E500073DA45 /* Project object */ = {
			isa = PBXProject;
			attributes = {
				BuildIndependentTargetsInParallel = 1;
				LastSwiftUpdateCheck = 1530;
				LastUpgradeCheck = 1540;
				TargetAttributes = {
					ABFF57102BA37E500073DA45 = {
						CreatedOnToolsVersion = 15.3;
					};
					ABFF57212BA37E530073DA45 = {
						CreatedOnToolsVersion = 15.3;
						TestTargetID = ABFF57102BA37E500073DA45;
					};
					ABFF572B2BA37E530073DA45 = {
						CreatedOnToolsVersion = 15.3;
						TestTargetID = ABFF57102BA37E500073DA45;
					};
				};
			};
			buildConfigurationList = ABFF570C2BA37E500073DA45 /* Build configuration list for PBXProject "BulkBuddy" */;
			compatibilityVersion = "Xcode 15.3";
			developmentRegion = en;
			hasScannedForEncodings = 0;
			knownRegions = (
				en,
				Base,
				de,
			);
			mainGroup = ABFF57082BA37E500073DA45;
			packageReferences = (
				ABD55BAF2BF6938700FCEC4D /* XCRemoteSwiftPackageReference "SwiftfulUI" */,
				ABD55BB32BF693AC00FCEC4D /* XCRemoteSwiftPackageReference "SwiftfulRouting" */,
				ABD55BB62BF693BE00FCEC4D /* XCRemoteSwiftPackageReference "SDWebImageSwiftUI" */,
				ABD55BB92BF6941700FCEC4D /* XCRemoteSwiftPackageReference "firebase-ios-sdk" */,
			);
			productRefGroup = ABFF57122BA37E500073DA45 /* Products */;
			projectDirPath = "";
			projectRoot = "";
			targets = (
				ABFF57102BA37E500073DA45 /* BulkBuddy */,
				ABFF57212BA37E530073DA45 /* BulkBuddyTests */,
				ABFF572B2BA37E530073DA45 /* BulkBuddyUITests */,
			);
		};
/* End PBXProject section */

/* Begin PBXResourcesBuildPhase section */
		ABFF570F2BA37E500073DA45 /* Resources */ = {
			isa = PBXResourcesBuildPhase;
			buildActionMask = 2147483647;
			files = (
				ABFF571D2BA37E530073DA45 /* Preview Assets.xcassets in Resources */,
				ABFF57192BA37E530073DA45 /* Assets.xcassets in Resources */,
				AB833E852BFB8372005E5DA6 /* Localizable.xcstrings in Resources */,
				ABFF574C2BA385780073DA45 /* GoogleService-Info.plist in Resources */,
			);
			runOnlyForDeploymentPostprocessing = 0;
		};
		ABFF57202BA37E530073DA45 /* Resources */ = {
			isa = PBXResourcesBuildPhase;
			buildActionMask = 2147483647;
			files = (
			);
			runOnlyForDeploymentPostprocessing = 0;
		};
		ABFF572A2BA37E530073DA45 /* Resources */ = {
			isa = PBXResourcesBuildPhase;
			buildActionMask = 2147483647;
			files = (
			);
			runOnlyForDeploymentPostprocessing = 0;
		};
/* End PBXResourcesBuildPhase section */

/* Begin PBXSourcesBuildPhase section */
		ABFF570D2BA37E500073DA45 /* Sources */ = {
			isa = PBXSourcesBuildPhase;
			buildActionMask = 2147483647;
			files = (
				AB4E0A092BA391F00041171C /* DependencyInjectionContainer.swift in Sources */,
				AB84014F2BEFFD85003AEAF7 /* UserFamily.swift in Sources */,
				AB8401592BF00520003AEAF7 /* ScanScreen.swift in Sources */,
				AB4E09FC2BA38A120041171C /* AppViewModel.swift in Sources */,
				AB4E0A042BA38D810041171C /* FirebaseAuthenticationClient.swift in Sources */,
				AB4E0A102BA3945E0041171C /* FirebaseDatastoreClient.swift in Sources */,
				ABD55BC42BF6A7DF00FCEC4D /* FirestoreError.swift in Sources */,
				AB84014D2BEFFD6E003AEAF7 /* UserPermissionLevel.swift in Sources */,
				ABD55BC12BF6A73100FCEC4D /* FirestoreData.swift in Sources */,
				AB4E09F72BA3897E0041171C /* User.swift in Sources */,
				AB4E0A0E2BA394580041171C /* MockDatastoreClient.swift in Sources */,
				AB8401552BF0007C003AEAF7 /* PriceUnit.swift in Sources */,
				AB4E0A062BA38DAA0041171C /* MockAuthenticationClient.swift in Sources */,
				ABFF57172BA37E500073DA45 /* ContentView.swift in Sources */,
				AB8401682BF01866003AEAF7 /* ImageLoader.swift in Sources */,
				AB02C9002BF12A3000A29E49 /* AnimatedWelcomeCell.swift in Sources */,
				AB8401632BF00C39003AEAF7 /* ShapeStyle+AccentColor.swift in Sources */,
				AB02C8FE2BF1256900A29E49 /* WelcomeView.swift in Sources */,
				AB84016D2BF0250D003AEAF7 /* TeaserCell.swift in Sources */,
				AB4E0A0C2BA394070041171C /* DatastoreClient.swift in Sources */,
				AB4E0A012BA38D170041171C /* AuthenticationClient.swift in Sources */,
				AB02C9092BF1592300A29E49 /* ConvenienceTextField.swift in Sources */,
				AB02C9072BF1565000A29E49 /* CreateAccountScreen.swift in Sources */,
				AB84014B2BEFFD53003AEAF7 /* UserBasket.swift in Sources */,
				AB8401532BEFFE22003AEAF7 /* ProductCategory.swift in Sources */,
				AB29D24F2BA4284100489A34 /* HandledEnvironment.swift in Sources */,
				AB8401572BF002A2003AEAF7 /* HomeScreen.swift in Sources */,
				AB84016F2BF02FFD003AEAF7 /* AccountSettingsView.swift in Sources */,
				ABFF57152BA37E500073DA45 /* BulkBuddyApp.swift in Sources */,
				ABD55BAE2BF6881600FCEC4D /* BulkBuddy.docc in Sources */,
				AB02C90D2BF16C9A00A29E49 /* AccountModel.swift in Sources */,
				AB4E09FE2BA38B310041171C /* Product.swift in Sources */,
				AB02C9052BF14BEC00A29E49 /* ValidationClient.swift in Sources */,
				AB84015D2BF00555003AEAF7 /* ProfileScreen.swift in Sources */,
				AB8401602BF00A12003AEAF7 /* Business.swift in Sources */,
				AB29D2532BA42C7200489A34 /* ApplicationState.swift in Sources */,
				AB84015B2BF00537003AEAF7 /* BasketScreen.swift in Sources */,
			);
			runOnlyForDeploymentPostprocessing = 0;
		};
		ABFF571E2BA37E530073DA45 /* Sources */ = {
			isa = PBXSourcesBuildPhase;
			buildActionMask = 2147483647;
			files = (
				ABFF57272BA37E530073DA45 /* BulkBuddyTests.swift in Sources */,
			);
			runOnlyForDeploymentPostprocessing = 0;
		};
		ABFF57282BA37E530073DA45 /* Sources */ = {
			isa = PBXSourcesBuildPhase;
			buildActionMask = 2147483647;
			files = (
				ABFF57312BA37E530073DA45 /* BulkBuddyUITests.swift in Sources */,
				ABFF57332BA37E530073DA45 /* BulkBuddyUITestsLaunchTests.swift in Sources */,
			);
			runOnlyForDeploymentPostprocessing = 0;
		};
/* End PBXSourcesBuildPhase section */

/* Begin PBXTargetDependency section */
		ABFF57242BA37E530073DA45 /* PBXTargetDependency */ = {
			isa = PBXTargetDependency;
			target = ABFF57102BA37E500073DA45 /* BulkBuddy */;
			targetProxy = ABFF57232BA37E530073DA45 /* PBXContainerItemProxy */;
		};
		ABFF572E2BA37E530073DA45 /* PBXTargetDependency */ = {
			isa = PBXTargetDependency;
			target = ABFF57102BA37E500073DA45 /* BulkBuddy */;
			targetProxy = ABFF572D2BA37E530073DA45 /* PBXContainerItemProxy */;
		};
/* End PBXTargetDependency section */

/* Begin XCBuildConfiguration section */
		ABFF57342BA37E530073DA45 /* Debug */ = {
			isa = XCBuildConfiguration;
			buildSettings = {
				ALWAYS_SEARCH_USER_PATHS = NO;
				ASSETCATALOG_COMPILER_GENERATE_SWIFT_ASSET_SYMBOL_EXTENSIONS = YES;
				CLANG_ANALYZER_NONNULL = YES;
				CLANG_ANALYZER_NUMBER_OBJECT_CONVERSION = YES_AGGRESSIVE;
				CLANG_CXX_LANGUAGE_STANDARD = "gnu++20";
				CLANG_ENABLE_MODULES = YES;
				CLANG_ENABLE_OBJC_ARC = YES;
				CLANG_ENABLE_OBJC_WEAK = YES;
				CLANG_WARN_BLOCK_CAPTURE_AUTORELEASING = YES;
				CLANG_WARN_BOOL_CONVERSION = YES;
				CLANG_WARN_COMMA = YES;
				CLANG_WARN_CONSTANT_CONVERSION = YES;
				CLANG_WARN_DEPRECATED_OBJC_IMPLEMENTATIONS = YES;
				CLANG_WARN_DIRECT_OBJC_ISA_USAGE = YES_ERROR;
				CLANG_WARN_DOCUMENTATION_COMMENTS = YES;
				CLANG_WARN_EMPTY_BODY = YES;
				CLANG_WARN_ENUM_CONVERSION = YES;
				CLANG_WARN_INFINITE_RECURSION = YES;
				CLANG_WARN_INT_CONVERSION = YES;
				CLANG_WARN_NON_LITERAL_NULL_CONVERSION = YES;
				CLANG_WARN_OBJC_IMPLICIT_RETAIN_SELF = YES;
				CLANG_WARN_OBJC_LITERAL_CONVERSION = YES;
				CLANG_WARN_OBJC_ROOT_CLASS = YES_ERROR;
				CLANG_WARN_QUOTED_INCLUDE_IN_FRAMEWORK_HEADER = YES;
				CLANG_WARN_RANGE_LOOP_ANALYSIS = YES;
				CLANG_WARN_STRICT_PROTOTYPES = YES;
				CLANG_WARN_SUSPICIOUS_MOVE = YES;
				CLANG_WARN_UNGUARDED_AVAILABILITY = YES_AGGRESSIVE;
				CLANG_WARN_UNREACHABLE_CODE = YES;
				CLANG_WARN__DUPLICATE_METHOD_MATCH = YES;
				COPY_PHASE_STRIP = NO;
				DEAD_CODE_STRIPPING = YES;
				DEBUG_INFORMATION_FORMAT = dwarf;
				ENABLE_STRICT_OBJC_MSGSEND = YES;
				ENABLE_TESTABILITY = YES;
				ENABLE_USER_SCRIPT_SANDBOXING = YES;
				GCC_C_LANGUAGE_STANDARD = gnu17;
				GCC_DYNAMIC_NO_PIC = NO;
				GCC_NO_COMMON_BLOCKS = YES;
				GCC_OPTIMIZATION_LEVEL = 0;
				GCC_PREPROCESSOR_DEFINITIONS = (
					"DEBUG=1",
					"$(inherited)",
				);
				GCC_WARN_64_TO_32_BIT_CONVERSION = YES;
				GCC_WARN_ABOUT_RETURN_TYPE = YES_ERROR;
				GCC_WARN_UNDECLARED_SELECTOR = YES;
				GCC_WARN_UNINITIALIZED_AUTOS = YES_AGGRESSIVE;
				GCC_WARN_UNUSED_FUNCTION = YES;
				GCC_WARN_UNUSED_VARIABLE = YES;
				LOCALIZATION_PREFERS_STRING_CATALOGS = YES;
				MTL_ENABLE_DEBUG_INFO = INCLUDE_SOURCE;
				MTL_FAST_MATH = YES;
				ONLY_ACTIVE_ARCH = YES;
				SWIFT_ACTIVE_COMPILATION_CONDITIONS = "DEBUG $(inherited)";
				SWIFT_OPTIMIZATION_LEVEL = "-Onone";
			};
			name = Debug;
		};
		ABFF57352BA37E530073DA45 /* Release */ = {
			isa = XCBuildConfiguration;
			buildSettings = {
				ALWAYS_SEARCH_USER_PATHS = NO;
				ASSETCATALOG_COMPILER_GENERATE_SWIFT_ASSET_SYMBOL_EXTENSIONS = YES;
				CLANG_ANALYZER_NONNULL = YES;
				CLANG_ANALYZER_NUMBER_OBJECT_CONVERSION = YES_AGGRESSIVE;
				CLANG_CXX_LANGUAGE_STANDARD = "gnu++20";
				CLANG_ENABLE_MODULES = YES;
				CLANG_ENABLE_OBJC_ARC = YES;
				CLANG_ENABLE_OBJC_WEAK = YES;
				CLANG_WARN_BLOCK_CAPTURE_AUTORELEASING = YES;
				CLANG_WARN_BOOL_CONVERSION = YES;
				CLANG_WARN_COMMA = YES;
				CLANG_WARN_CONSTANT_CONVERSION = YES;
				CLANG_WARN_DEPRECATED_OBJC_IMPLEMENTATIONS = YES;
				CLANG_WARN_DIRECT_OBJC_ISA_USAGE = YES_ERROR;
				CLANG_WARN_DOCUMENTATION_COMMENTS = YES;
				CLANG_WARN_EMPTY_BODY = YES;
				CLANG_WARN_ENUM_CONVERSION = YES;
				CLANG_WARN_INFINITE_RECURSION = YES;
				CLANG_WARN_INT_CONVERSION = YES;
				CLANG_WARN_NON_LITERAL_NULL_CONVERSION = YES;
				CLANG_WARN_OBJC_IMPLICIT_RETAIN_SELF = YES;
				CLANG_WARN_OBJC_LITERAL_CONVERSION = YES;
				CLANG_WARN_OBJC_ROOT_CLASS = YES_ERROR;
				CLANG_WARN_QUOTED_INCLUDE_IN_FRAMEWORK_HEADER = YES;
				CLANG_WARN_RANGE_LOOP_ANALYSIS = YES;
				CLANG_WARN_STRICT_PROTOTYPES = YES;
				CLANG_WARN_SUSPICIOUS_MOVE = YES;
				CLANG_WARN_UNGUARDED_AVAILABILITY = YES_AGGRESSIVE;
				CLANG_WARN_UNREACHABLE_CODE = YES;
				CLANG_WARN__DUPLICATE_METHOD_MATCH = YES;
				COPY_PHASE_STRIP = NO;
				DEAD_CODE_STRIPPING = YES;
				DEBUG_INFORMATION_FORMAT = "dwarf-with-dsym";
				ENABLE_NS_ASSERTIONS = NO;
				ENABLE_STRICT_OBJC_MSGSEND = YES;
				ENABLE_USER_SCRIPT_SANDBOXING = YES;
				GCC_C_LANGUAGE_STANDARD = gnu17;
				GCC_NO_COMMON_BLOCKS = YES;
				GCC_WARN_64_TO_32_BIT_CONVERSION = YES;
				GCC_WARN_ABOUT_RETURN_TYPE = YES_ERROR;
				GCC_WARN_UNDECLARED_SELECTOR = YES;
				GCC_WARN_UNINITIALIZED_AUTOS = YES_AGGRESSIVE;
				GCC_WARN_UNUSED_FUNCTION = YES;
				GCC_WARN_UNUSED_VARIABLE = YES;
				LOCALIZATION_PREFERS_STRING_CATALOGS = YES;
				MTL_ENABLE_DEBUG_INFO = NO;
				MTL_FAST_MATH = YES;
				SWIFT_COMPILATION_MODE = wholemodule;
			};
			name = Release;
		};
		ABFF57372BA37E530073DA45 /* Debug */ = {
			isa = XCBuildConfiguration;
			buildSettings = {
				ASSETCATALOG_COMPILER_APPICON_NAME = AppIcon;
				ASSETCATALOG_COMPILER_GLOBAL_ACCENT_COLOR_NAME = AccentColor;
				CODE_SIGN_ENTITLEMENTS = BulkBuddy/BulkBuddy.entitlements;
				CODE_SIGN_STYLE = Automatic;
				CURRENT_PROJECT_VERSION = 1;
				DEAD_CODE_STRIPPING = YES;
				DEVELOPMENT_ASSET_PATHS = "\"BulkBuddy/Preview Content\"";
				DEVELOPMENT_TEAM = D385MXT68Z;
				ENABLE_HARDENED_RUNTIME = YES;
				ENABLE_PREVIEWS = YES;
				GENERATE_INFOPLIST_FILE = YES;
				INFOPLIST_FILE = BulkBuddy/Info.plist;
				INFOPLIST_KEY_CFBundleDisplayName = BulkBuddy;
				INFOPLIST_KEY_LSApplicationCategoryType = "public.app-category.shopping";
				"INFOPLIST_KEY_UIApplicationSceneManifest_Generation[sdk=iphoneos*]" = YES;
				"INFOPLIST_KEY_UIApplicationSceneManifest_Generation[sdk=iphonesimulator*]" = YES;
				"INFOPLIST_KEY_UIApplicationSupportsIndirectInputEvents[sdk=iphoneos*]" = YES;
				"INFOPLIST_KEY_UIApplicationSupportsIndirectInputEvents[sdk=iphonesimulator*]" = YES;
				"INFOPLIST_KEY_UILaunchScreen_Generation[sdk=iphoneos*]" = YES;
				"INFOPLIST_KEY_UILaunchScreen_Generation[sdk=iphonesimulator*]" = YES;
				"INFOPLIST_KEY_UIStatusBarStyle[sdk=iphoneos*]" = UIStatusBarStyleDefault;
				"INFOPLIST_KEY_UIStatusBarStyle[sdk=iphonesimulator*]" = UIStatusBarStyleDefault;
				INFOPLIST_KEY_UISupportedInterfaceOrientations_iPad = "UIInterfaceOrientationPortrait UIInterfaceOrientationPortraitUpsideDown UIInterfaceOrientationLandscapeLeft UIInterfaceOrientationLandscapeRight";
				INFOPLIST_KEY_UISupportedInterfaceOrientations_iPhone = "UIInterfaceOrientationPortrait UIInterfaceOrientationLandscapeLeft UIInterfaceOrientationLandscapeRight";
				IPHONEOS_DEPLOYMENT_TARGET = 17.5;
				LD_RUNPATH_SEARCH_PATHS = "@executable_path/Frameworks";
				"LD_RUNPATH_SEARCH_PATHS[sdk=macosx*]" = "@executable_path/../Frameworks";
				MACOSX_DEPLOYMENT_TARGET = 14.5;
				MARKETING_VERSION = 1.0;
				PRODUCT_BUNDLE_IDENTIFIER = com.leonweimann.BulkBuddy;
				PRODUCT_NAME = "$(TARGET_NAME)";
				SDKROOT = auto;
				SUPPORTED_PLATFORMS = "iphoneos iphonesimulator macosx";
				SWIFT_EMIT_LOC_STRINGS = YES;
				SWIFT_VERSION = 5.0;
				TARGETED_DEVICE_FAMILY = "1,2";
			};
			name = Debug;
		};
		ABFF57382BA37E530073DA45 /* Release */ = {
			isa = XCBuildConfiguration;
			buildSettings = {
				ASSETCATALOG_COMPILER_APPICON_NAME = AppIcon;
				ASSETCATALOG_COMPILER_GLOBAL_ACCENT_COLOR_NAME = AccentColor;
				CODE_SIGN_ENTITLEMENTS = BulkBuddy/BulkBuddy.entitlements;
				CODE_SIGN_STYLE = Automatic;
				CURRENT_PROJECT_VERSION = 1;
				DEAD_CODE_STRIPPING = YES;
				DEVELOPMENT_ASSET_PATHS = "\"BulkBuddy/Preview Content\"";
				DEVELOPMENT_TEAM = D385MXT68Z;
				ENABLE_HARDENED_RUNTIME = YES;
				ENABLE_PREVIEWS = YES;
				GENERATE_INFOPLIST_FILE = YES;
				INFOPLIST_FILE = BulkBuddy/Info.plist;
				INFOPLIST_KEY_CFBundleDisplayName = BulkBuddy;
				INFOPLIST_KEY_LSApplicationCategoryType = "public.app-category.shopping";
				"INFOPLIST_KEY_UIApplicationSceneManifest_Generation[sdk=iphoneos*]" = YES;
				"INFOPLIST_KEY_UIApplicationSceneManifest_Generation[sdk=iphonesimulator*]" = YES;
				"INFOPLIST_KEY_UIApplicationSupportsIndirectInputEvents[sdk=iphoneos*]" = YES;
				"INFOPLIST_KEY_UIApplicationSupportsIndirectInputEvents[sdk=iphonesimulator*]" = YES;
				"INFOPLIST_KEY_UILaunchScreen_Generation[sdk=iphoneos*]" = YES;
				"INFOPLIST_KEY_UILaunchScreen_Generation[sdk=iphonesimulator*]" = YES;
				"INFOPLIST_KEY_UIStatusBarStyle[sdk=iphoneos*]" = UIStatusBarStyleDefault;
				"INFOPLIST_KEY_UIStatusBarStyle[sdk=iphonesimulator*]" = UIStatusBarStyleDefault;
				INFOPLIST_KEY_UISupportedInterfaceOrientations_iPad = "UIInterfaceOrientationPortrait UIInterfaceOrientationPortraitUpsideDown UIInterfaceOrientationLandscapeLeft UIInterfaceOrientationLandscapeRight";
				INFOPLIST_KEY_UISupportedInterfaceOrientations_iPhone = "UIInterfaceOrientationPortrait UIInterfaceOrientationLandscapeLeft UIInterfaceOrientationLandscapeRight";
				IPHONEOS_DEPLOYMENT_TARGET = 17.5;
				LD_RUNPATH_SEARCH_PATHS = "@executable_path/Frameworks";
				"LD_RUNPATH_SEARCH_PATHS[sdk=macosx*]" = "@executable_path/../Frameworks";
				MACOSX_DEPLOYMENT_TARGET = 14.5;
				MARKETING_VERSION = 1.0;
				PRODUCT_BUNDLE_IDENTIFIER = com.leonweimann.BulkBuddy;
				PRODUCT_NAME = "$(TARGET_NAME)";
				SDKROOT = auto;
				SUPPORTED_PLATFORMS = "iphoneos iphonesimulator macosx";
				SWIFT_EMIT_LOC_STRINGS = YES;
				SWIFT_VERSION = 5.0;
				TARGETED_DEVICE_FAMILY = "1,2";
			};
			name = Release;
		};
		ABFF573A2BA37E530073DA45 /* Debug */ = {
			isa = XCBuildConfiguration;
			buildSettings = {
				ALWAYS_EMBED_SWIFT_STANDARD_LIBRARIES = YES;
				BUNDLE_LOADER = "$(TEST_HOST)";
				CODE_SIGN_STYLE = Automatic;
				CURRENT_PROJECT_VERSION = 1;
				DEAD_CODE_STRIPPING = YES;
				DEVELOPMENT_TEAM = D385MXT68Z;
				GENERATE_INFOPLIST_FILE = YES;
				IPHONEOS_DEPLOYMENT_TARGET = 17.5;
				MACOSX_DEPLOYMENT_TARGET = 14.5;
				MARKETING_VERSION = 1.0;
				PRODUCT_BUNDLE_IDENTIFIER = com.leonweimann.BulkBuddyTests;
				PRODUCT_NAME = "$(TARGET_NAME)";
				SDKROOT = auto;
				SUPPORTED_PLATFORMS = "iphoneos iphonesimulator macosx";
				SWIFT_EMIT_LOC_STRINGS = NO;
				SWIFT_VERSION = 5.0;
				TARGETED_DEVICE_FAMILY = "1,2";
				TEST_HOST = "$(BUILT_PRODUCTS_DIR)/BulkBuddy.app/$(BUNDLE_EXECUTABLE_FOLDER_PATH)/BulkBuddy";
			};
			name = Debug;
		};
		ABFF573B2BA37E530073DA45 /* Release */ = {
			isa = XCBuildConfiguration;
			buildSettings = {
				ALWAYS_EMBED_SWIFT_STANDARD_LIBRARIES = YES;
				BUNDLE_LOADER = "$(TEST_HOST)";
				CODE_SIGN_STYLE = Automatic;
				CURRENT_PROJECT_VERSION = 1;
				DEAD_CODE_STRIPPING = YES;
				DEVELOPMENT_TEAM = D385MXT68Z;
				GENERATE_INFOPLIST_FILE = YES;
				IPHONEOS_DEPLOYMENT_TARGET = 17.5;
				MACOSX_DEPLOYMENT_TARGET = 14.5;
				MARKETING_VERSION = 1.0;
				PRODUCT_BUNDLE_IDENTIFIER = com.leonweimann.BulkBuddyTests;
				PRODUCT_NAME = "$(TARGET_NAME)";
				SDKROOT = auto;
				SUPPORTED_PLATFORMS = "iphoneos iphonesimulator macosx";
				SWIFT_EMIT_LOC_STRINGS = NO;
				SWIFT_VERSION = 5.0;
				TARGETED_DEVICE_FAMILY = "1,2";
				TEST_HOST = "$(BUILT_PRODUCTS_DIR)/BulkBuddy.app/$(BUNDLE_EXECUTABLE_FOLDER_PATH)/BulkBuddy";
			};
			name = Release;
		};
		ABFF573D2BA37E530073DA45 /* Debug */ = {
			isa = XCBuildConfiguration;
			buildSettings = {
				ALWAYS_EMBED_SWIFT_STANDARD_LIBRARIES = YES;
				CODE_SIGN_STYLE = Automatic;
				CURRENT_PROJECT_VERSION = 1;
				DEAD_CODE_STRIPPING = YES;
				DEVELOPMENT_TEAM = D385MXT68Z;
				GENERATE_INFOPLIST_FILE = YES;
				IPHONEOS_DEPLOYMENT_TARGET = 17.5;
				MACOSX_DEPLOYMENT_TARGET = 14.5;
				MARKETING_VERSION = 1.0;
				PRODUCT_BUNDLE_IDENTIFIER = com.leonweimann.BulkBuddyUITests;
				PRODUCT_NAME = "$(TARGET_NAME)";
				SDKROOT = auto;
				SUPPORTED_PLATFORMS = "iphoneos iphonesimulator macosx";
				SWIFT_EMIT_LOC_STRINGS = NO;
				SWIFT_VERSION = 5.0;
				TARGETED_DEVICE_FAMILY = "1,2";
				TEST_TARGET_NAME = BulkBuddy;
			};
			name = Debug;
		};
		ABFF573E2BA37E530073DA45 /* Release */ = {
			isa = XCBuildConfiguration;
			buildSettings = {
				ALWAYS_EMBED_SWIFT_STANDARD_LIBRARIES = YES;
				CODE_SIGN_STYLE = Automatic;
				CURRENT_PROJECT_VERSION = 1;
				DEAD_CODE_STRIPPING = YES;
				DEVELOPMENT_TEAM = D385MXT68Z;
				GENERATE_INFOPLIST_FILE = YES;
				IPHONEOS_DEPLOYMENT_TARGET = 17.5;
				MACOSX_DEPLOYMENT_TARGET = 14.5;
				MARKETING_VERSION = 1.0;
				PRODUCT_BUNDLE_IDENTIFIER = com.leonweimann.BulkBuddyUITests;
				PRODUCT_NAME = "$(TARGET_NAME)";
				SDKROOT = auto;
				SUPPORTED_PLATFORMS = "iphoneos iphonesimulator macosx";
				SWIFT_EMIT_LOC_STRINGS = NO;
				SWIFT_VERSION = 5.0;
				TARGETED_DEVICE_FAMILY = "1,2";
				TEST_TARGET_NAME = BulkBuddy;
			};
			name = Release;
		};
/* End XCBuildConfiguration section */

/* Begin XCConfigurationList section */
		ABFF570C2BA37E500073DA45 /* Build configuration list for PBXProject "BulkBuddy" */ = {
			isa = XCConfigurationList;
			buildConfigurations = (
				ABFF57342BA37E530073DA45 /* Debug */,
				ABFF57352BA37E530073DA45 /* Release */,
			);
			defaultConfigurationIsVisible = 0;
			defaultConfigurationName = Release;
		};
		ABFF57362BA37E530073DA45 /* Build configuration list for PBXNativeTarget "BulkBuddy" */ = {
			isa = XCConfigurationList;
			buildConfigurations = (
				ABFF57372BA37E530073DA45 /* Debug */,
				ABFF57382BA37E530073DA45 /* Release */,
			);
			defaultConfigurationIsVisible = 0;
			defaultConfigurationName = Release;
		};
		ABFF57392BA37E530073DA45 /* Build configuration list for PBXNativeTarget "BulkBuddyTests" */ = {
			isa = XCConfigurationList;
			buildConfigurations = (
				ABFF573A2BA37E530073DA45 /* Debug */,
				ABFF573B2BA37E530073DA45 /* Release */,
			);
			defaultConfigurationIsVisible = 0;
			defaultConfigurationName = Release;
		};
		ABFF573C2BA37E530073DA45 /* Build configuration list for PBXNativeTarget "BulkBuddyUITests" */ = {
			isa = XCConfigurationList;
			buildConfigurations = (
				ABFF573D2BA37E530073DA45 /* Debug */,
				ABFF573E2BA37E530073DA45 /* Release */,
			);
			defaultConfigurationIsVisible = 0;
			defaultConfigurationName = Release;
		};
/* End XCConfigurationList section */

/* Begin XCRemoteSwiftPackageReference section */
		ABD55BAF2BF6938700FCEC4D /* XCRemoteSwiftPackageReference "SwiftfulUI" */ = {
			isa = XCRemoteSwiftPackageReference;
			repositoryURL = "https://github.com/SwiftfulThinking/SwiftfulUI";
			requirement = {
				kind = upToNextMajorVersion;
				minimumVersion = 1.2.0;
			};
		};
		ABD55BB32BF693AC00FCEC4D /* XCRemoteSwiftPackageReference "SwiftfulRouting" */ = {
			isa = XCRemoteSwiftPackageReference;
			repositoryURL = "https://github.com/SwiftfulThinking/SwiftfulRouting";
			requirement = {
				kind = upToNextMajorVersion;
				minimumVersion = 5.3.4;
			};
		};
		ABD55BB62BF693BE00FCEC4D /* XCRemoteSwiftPackageReference "SDWebImageSwiftUI" */ = {
			isa = XCRemoteSwiftPackageReference;
			repositoryURL = "https://github.com/SDWebImage/SDWebImageSwiftUI";
			requirement = {
				kind = upToNextMajorVersion;
				minimumVersion = 3.0.4;
			};
		};
		ABD55BB92BF6941700FCEC4D /* XCRemoteSwiftPackageReference "firebase-ios-sdk" */ = {
			isa = XCRemoteSwiftPackageReference;
			repositoryURL = "https://github.com/firebase/firebase-ios-sdk";
			requirement = {
				kind = upToNextMajorVersion;
				minimumVersion = 10.26.0;
			};
		};
/* End XCRemoteSwiftPackageReference section */

/* Begin XCSwiftPackageProductDependency section */
		ABD55BB12BF6939100FCEC4D /* SwiftfulUI */ = {
			isa = XCSwiftPackageProductDependency;
			package = ABD55BAF2BF6938700FCEC4D /* XCRemoteSwiftPackageReference "SwiftfulUI" */;
			productName = SwiftfulUI;
		};
		ABD55BB42BF693AD00FCEC4D /* SwiftfulRouting */ = {
			isa = XCSwiftPackageProductDependency;
			package = ABD55BB32BF693AC00FCEC4D /* XCRemoteSwiftPackageReference "SwiftfulRouting" */;
			productName = SwiftfulRouting;
		};
		ABD55BB72BF693BE00FCEC4D /* SDWebImageSwiftUI */ = {
			isa = XCSwiftPackageProductDependency;
			package = ABD55BB62BF693BE00FCEC4D /* XCRemoteSwiftPackageReference "SDWebImageSwiftUI" */;
			productName = SDWebImageSwiftUI;
		};
		ABD55BBA2BF6941800FCEC4D /* FirebaseAuth */ = {
			isa = XCSwiftPackageProductDependency;
			package = ABD55BB92BF6941700FCEC4D /* XCRemoteSwiftPackageReference "firebase-ios-sdk" */;
			productName = FirebaseAuth;
		};
		ABD55BBC2BF6941800FCEC4D /* FirebaseFirestore */ = {
			isa = XCSwiftPackageProductDependency;
			package = ABD55BB92BF6941700FCEC4D /* XCRemoteSwiftPackageReference "firebase-ios-sdk" */;
			productName = FirebaseFirestore;
		};
		ABD55BBE2BF6941800FCEC4D /* FirebaseFirestoreSwift */ = {
			isa = XCSwiftPackageProductDependency;
			package = ABD55BB92BF6941700FCEC4D /* XCRemoteSwiftPackageReference "firebase-ios-sdk" */;
			productName = FirebaseFirestoreSwift;
		};
/* End XCSwiftPackageProductDependency section */
	};
	rootObject = ABFF57092BA37E500073DA45 /* Project object */;
}
